
Microsoft Visual Studio Solution File, Format Version 12.00
# Visual Studio Version 17
VisualStudioVersion = 17.3.32901.215
MinimumVisualStudioVersion = 10.0.40219.1
Project("{FAE04EC0-301F-11D3-BF4B-00C04F79EFBC}") = "Alarm Desktop App", "Alarm Desktop App.csproj", "{C3DF792C-5B73-445E-AB8C-7896CFD7E9C8}"
EndProject
Global
	GlobalSection(SolutionConfigurationPlatforms) = preSolution
		Debug|Any CPU = Debug|Any CPU
		Release|Any CPU = Release|Any CPU
	EndGlobalSection
	GlobalSection(ProjectConfigurationPlatforms) = postSolution
		{C3DF792C-5B73-445E-AB8C-7896CFD7E9C8}.Debug|Any CPU.ActiveCfg = Debug|Any CPU
		{C3DF792C-5B73-445E-AB8C-7896CFD7E9C8}.Debug|Any CPU.Build.0 = Debug|Any CPU
		{C3DF792C-5B73-445E-AB8C-7896CFD7E9C8}.Release|Any CPU.ActiveCfg = Release|Any CPU
		{C3DF792C-5B73-445E-AB8C-7896CFD7E9C8}.Release|Any CPU.Build.0 = Release|Any CPU
	EndGlobalSection
	GlobalSection(SolutionProperties) = preSolution
		HideSolutionNode = FALSE
	EndGlobalSection
	GlobalSection(ExtensibilityGlobals) = postSolution
		SolutionGuid = {4A2EAA31-3DA7-454F-BE11-D62BD9EBE6DB}
	EndGlobalSection
EndGlobal
